{
  "version": 4,
  "terraform_version": "1.6.4",
  "serial": 2070,
  "lineage": "83df32cf-0c3e-eb68-7a82-4b203293adc8",
  "outputs": {},
  "resources": [
    {
      "mode": "managed",
      "type": "google_compute_firewall",
      "name": "all",
      "provider": "provider[\"registry.terraform.io/hashicorp/google\"]",
      "instances": [
        {
          "schema_version": 1,
          "attributes": {
            "allow": [
              {
                "ports": [
                  "0-65535"
                ],
                "protocol": "tcp"
              }
            ],
            "creation_timestamp": "2024-02-06T10:08:46.550-08:00",
            "deny": [],
            "description": "",
            "destination_ranges": [],
            "direction": "INGRESS",
            "disabled": false,
            "enable_logging": null,
            "id": "projects/csb-2023/global/firewalls/allow-all",
            "log_config": [],
            "name": "allow-all",
            "network": "https://www.googleapis.com/compute/v1/projects/csb-2023/global/networks/rabbitmq-network",
            "priority": 1000,
            "project": "csb-2023",
            "self_link": "https://www.googleapis.com/compute/v1/projects/csb-2023/global/firewalls/allow-all",
            "source_ranges": [
              "0.0.0.0/0"
            ],
            "source_service_accounts": null,
            "source_tags": null,
            "target_service_accounts": null,
            "target_tags": null,
            "timeouts": null
          },
          "sensitive_attributes": [],
          "private": "eyJlMmJmYjczMC1lY2FhLTExZTYtOGY4OC0zNDM2M2JjN2M0YzAiOnsiY3JlYXRlIjoxMjAwMDAwMDAwMDAwLCJkZWxldGUiOjEyMDAwMDAwMDAwMDAsInVwZGF0ZSI6MTIwMDAwMDAwMDAwMH0sInNjaGVtYV92ZXJzaW9uIjoiMSJ9",
          "dependencies": [
            "google_compute_network.vpc_network"
          ]
        }
      ]
    },
    {
      "mode": "managed",
      "type": "google_compute_instance",
      "name": "client",
      "provider": "provider[\"registry.terraform.io/hashicorp/google\"]",
      "instances": [
        {
          "schema_version": 6,
          "attributes": {
            "advanced_machine_features": [],
            "allow_stopping_for_update": null,
            "attached_disk": [],
            "boot_disk": [
              {
                "auto_delete": true,
                "device_name": "persistent-disk-0",
                "disk_encryption_key_raw": "",
                "disk_encryption_key_sha256": "",
                "initialize_params": [
                  {
                    "enable_confidential_compute": false,
                    "image": "https://www.googleapis.com/compute/v1/projects/ubuntu-os-cloud/global/images/ubuntu-2204-jammy-v20231030",
                    "labels": {},
                    "provisioned_iops": 0,
                    "provisioned_throughput": 0,
                    "resource_manager_tags": null,
                    "size": 40,
                    "type": "pd-standard"
                  }
                ],
                "kms_key_self_link": "",
                "mode": "READ_WRITE",
                "source": "https://www.googleapis.com/compute/v1/projects/csb-2023/zones/europe-west3-c/disks/client"
              }
            ],
            "can_ip_forward": false,
            "confidential_instance_config": [],
            "cpu_platform": "Intel Broadwell",
            "current_status": "RUNNING",
            "deletion_protection": false,
            "description": "",
            "desired_status": null,
            "effective_labels": {},
            "enable_display": false,
            "guest_accelerator": [],
            "hostname": "",
            "id": "projects/csb-2023/zones/europe-west3-c/instances/client",
            "instance_id": "7471985067903929152",
            "label_fingerprint": "42WmSpB8rSM=",
            "labels": null,
            "machine_type": "e2-highcpu-16",
            "metadata": null,
            "metadata_fingerprint": "xd0oMFNNP1U=",
            "metadata_startup_script": "export DEBIAN_FRONTEND=noninteractive\nsudo apt update -y -q\nsudo apt-get upgrade -y\n\nsudo apt-get remove needrestart -y \n\n\n# Install Java \nsudo apt install openjdk-11-jre-headless -y\n\n# Get benchmarking tool\ngit clone https://github.com/FuratH/rabbitmq-benchmark-2024.git\n\n\n\ntouch /done\n",
            "min_cpu_platform": "",
            "name": "client",
            "network_interface": [
              {
                "access_config": [
                  {
                    "nat_ip": "35.246.146.240",
                    "network_tier": "PREMIUM",
                    "public_ptr_domain_name": ""
                  }
                ],
                "alias_ip_range": [],
                "internal_ipv6_prefix_length": 0,
                "ipv6_access_config": [],
                "ipv6_access_type": "",
                "ipv6_address": "",
                "name": "nic0",
                "network": "https://www.googleapis.com/compute/v1/projects/csb-2023/global/networks/rabbitmq-network",
                "network_ip": "10.156.0.5",
                "nic_type": "",
                "queue_count": 0,
                "stack_type": "IPV4_ONLY",
                "subnetwork": "https://www.googleapis.com/compute/v1/projects/csb-2023/regions/europe-west3/subnetworks/rabbitmq-network",
                "subnetwork_project": "csb-2023"
              }
            ],
            "network_performance_config": [],
            "params": [],
            "project": "csb-2023",
            "reservation_affinity": [],
            "resource_policies": null,
            "scheduling": [
              {
                "automatic_restart": true,
                "instance_termination_action": "",
                "local_ssd_recovery_timeout": [],
                "min_node_cpus": 0,
                "node_affinities": [],
                "on_host_maintenance": "MIGRATE",
                "preemptible": false,
                "provisioning_model": "STANDARD"
              }
            ],
            "scratch_disk": [],
            "self_link": "https://www.googleapis.com/compute/v1/projects/csb-2023/zones/europe-west3-c/instances/client",
            "service_account": [
              {
                "email": "57939934652-compute@developer.gserviceaccount.com",
                "scopes": [
                  "https://www.googleapis.com/auth/cloud-platform"
                ]
              }
            ],
            "shielded_instance_config": [
              {
                "enable_integrity_monitoring": true,
                "enable_secure_boot": false,
                "enable_vtpm": true
              }
            ],
            "tags": null,
            "tags_fingerprint": "42WmSpB8rSM=",
            "terraform_labels": {},
            "timeouts": null,
            "zone": "europe-west3-c"
          },
          "sensitive_attributes": [],
          "private": "eyJlMmJmYjczMC1lY2FhLTExZTYtOGY4OC0zNDM2M2JjN2M0YzAiOnsiY3JlYXRlIjoxMjAwMDAwMDAwMDAwLCJkZWxldGUiOjEyMDAwMDAwMDAwMDAsInVwZGF0ZSI6MTIwMDAwMDAwMDAwMH0sInNjaGVtYV92ZXJzaW9uIjoiNiJ9",
          "dependencies": [
            "google_compute_network.vpc_network"
          ]
        }
      ]
    },
    {
      "mode": "managed",
      "type": "google_compute_instance",
      "name": "loadbalancer",
      "provider": "provider[\"registry.terraform.io/hashicorp/google\"]",
      "instances": [
        {
          "schema_version": 6,
          "attributes": {
            "advanced_machine_features": [],
            "allow_stopping_for_update": null,
            "attached_disk": [],
            "boot_disk": [
              {
                "auto_delete": true,
                "device_name": "persistent-disk-0",
                "disk_encryption_key_raw": "",
                "disk_encryption_key_sha256": "",
                "initialize_params": [
                  {
                    "enable_confidential_compute": false,
                    "image": "https://www.googleapis.com/compute/v1/projects/ubuntu-os-cloud/global/images/ubuntu-2204-jammy-v20231030",
                    "labels": {},
                    "provisioned_iops": 0,
                    "provisioned_throughput": 0,
                    "resource_manager_tags": null,
                    "size": 40,
                    "type": "pd-standard"
                  }
                ],
                "kms_key_self_link": "",
                "mode": "READ_WRITE",
                "source": "https://www.googleapis.com/compute/v1/projects/csb-2023/zones/europe-west3-c/disks/loadbalancer"
              }
            ],
            "can_ip_forward": false,
            "confidential_instance_config": [],
            "cpu_platform": "Intel Broadwell",
            "current_status": "RUNNING",
            "deletion_protection": false,
            "description": "",
            "desired_status": null,
            "effective_labels": {},
            "enable_display": false,
            "guest_accelerator": [],
            "hostname": "",
            "id": "projects/csb-2023/zones/europe-west3-c/instances/loadbalancer",
            "instance_id": "1028663598457539392",
            "label_fingerprint": "42WmSpB8rSM=",
            "labels": null,
            "machine_type": "e2-standard-2",
            "metadata": null,
            "metadata_fingerprint": "HExCiyN6Dw0=",
            "metadata_startup_script": "#!/bin/bash\n\nsudo apt update -y -q\n\n\n# open ports \nsudo ufw allow 15672/tcp\nsudo ufw allow 5672/tcp\nsudo ufw allow 4369/tcp\nsudo ufw allow 25672/tcp\nsudo ufw allow 15692/tcp\nsudo ufw reload\nsudo ufw allow proto tcp from any to any port 5672,15672,15692\n\n\n# Install Nginx for loadbalancing\nsudo apt-get install nginx -y -q\n\n\n# Replace nginx config \n# If more then 3 nodes are needed, they have to be registered here\n\n\n\n# Backup the original nginx.conf file\nsudo cp /etc/nginx/nginx.conf /etc/nginx/nginx.conf.bak\n\ngit clone https://github.com/FuratH/rabbitmq-benchmark-2024.git\n\nsudo cat rabbitmq-benchmark-2024/loadbalancer/nginx.conf \u003e /etc/nginx/nginx.conf\n \n\nsudo nginx -s reload\n",
            "min_cpu_platform": "",
            "name": "loadbalancer",
            "network_interface": [
              {
                "access_config": [
                  {
                    "nat_ip": "35.198.98.247",
                    "network_tier": "PREMIUM",
                    "public_ptr_domain_name": ""
                  }
                ],
                "alias_ip_range": [],
                "internal_ipv6_prefix_length": 0,
                "ipv6_access_config": [],
                "ipv6_access_type": "",
                "ipv6_address": "",
                "name": "nic0",
                "network": "https://www.googleapis.com/compute/v1/projects/csb-2023/global/networks/rabbitmq-network",
                "network_ip": "10.156.0.2",
                "nic_type": "",
                "queue_count": 0,
                "stack_type": "IPV4_ONLY",
                "subnetwork": "https://www.googleapis.com/compute/v1/projects/csb-2023/regions/europe-west3/subnetworks/rabbitmq-network",
                "subnetwork_project": "csb-2023"
              }
            ],
            "network_performance_config": [],
            "params": [],
            "project": "csb-2023",
            "reservation_affinity": [],
            "resource_policies": null,
            "scheduling": [
              {
                "automatic_restart": true,
                "instance_termination_action": "",
                "local_ssd_recovery_timeout": [],
                "min_node_cpus": 0,
                "node_affinities": [],
                "on_host_maintenance": "MIGRATE",
                "preemptible": false,
                "provisioning_model": "STANDARD"
              }
            ],
            "scratch_disk": [],
            "self_link": "https://www.googleapis.com/compute/v1/projects/csb-2023/zones/europe-west3-c/instances/loadbalancer",
            "service_account": [],
            "shielded_instance_config": [
              {
                "enable_integrity_monitoring": true,
                "enable_secure_boot": false,
                "enable_vtpm": true
              }
            ],
            "tags": null,
            "tags_fingerprint": "42WmSpB8rSM=",
            "terraform_labels": {},
            "timeouts": null,
            "zone": "europe-west3-c"
          },
          "sensitive_attributes": [],
          "private": "eyJlMmJmYjczMC1lY2FhLTExZTYtOGY4OC0zNDM2M2JjN2M0YzAiOnsiY3JlYXRlIjoxMjAwMDAwMDAwMDAwLCJkZWxldGUiOjEyMDAwMDAwMDAwMDAsInVwZGF0ZSI6MTIwMDAwMDAwMDAwMH0sInNjaGVtYV92ZXJzaW9uIjoiNiJ9",
          "dependencies": [
            "google_compute_network.vpc_network"
          ]
        }
      ]
    },
    {
      "mode": "managed",
      "type": "google_compute_instance",
      "name": "node",
      "provider": "provider[\"registry.terraform.io/hashicorp/google\"]",
      "instances": [
        {
          "index_key": 0,
          "schema_version": 6,
          "attributes": {
            "advanced_machine_features": [],
            "allow_stopping_for_update": null,
            "attached_disk": [],
            "boot_disk": [
              {
                "auto_delete": true,
                "device_name": "persistent-disk-0",
                "disk_encryption_key_raw": "",
                "disk_encryption_key_sha256": "",
                "initialize_params": [
                  {
                    "enable_confidential_compute": false,
                    "image": "https://www.googleapis.com/compute/v1/projects/ubuntu-os-cloud/global/images/ubuntu-2204-jammy-v20231030",
                    "labels": {},
                    "provisioned_iops": 0,
                    "provisioned_throughput": 0,
                    "resource_manager_tags": null,
                    "size": 40,
                    "type": "pd-standard"
                  }
                ],
                "kms_key_self_link": "",
                "mode": "READ_WRITE",
                "source": "https://www.googleapis.com/compute/v1/projects/csb-2023/zones/europe-west3-c/disks/node1"
              }
            ],
            "can_ip_forward": false,
            "confidential_instance_config": [],
            "cpu_platform": "Intel Broadwell",
            "current_status": "RUNNING",
            "deletion_protection": false,
            "description": "",
            "desired_status": null,
            "effective_labels": {},
            "enable_display": false,
            "guest_accelerator": [],
            "hostname": "",
            "id": "projects/csb-2023/zones/europe-west3-c/instances/node1",
            "instance_id": "6130129798781979456",
            "label_fingerprint": "42WmSpB8rSM=",
            "labels": null,
            "machine_type": "e2-standard-2",
            "metadata": null,
            "metadata_fingerprint": "W9K09HIWV24=",
            "metadata_startup_script": "#!/bin/bash\n\nsudo apt update -y -q\n\n#sudo apt install rabbitmq-server -y -q\n\nsudo apt-get update \nsudo apt-get upgrade -y\nsudo apt-get install curl gnupg -y\nsudo apt-get install apt-transport-https -y\n\n# Install rabbitmq\n\ncurl -1sLf \"https://keys.openpgp.org/vks/v1/by-fingerprint/0A9AF2115F4687BD29803A206B73A36E6026DFCA\" | sudo gpg --dearmor | sudo tee /usr/share/keyrings/com.rabbitmq.team.gpg \u003e /dev/null\n\ncurl -1sLf \"https://keyserver.ubuntu.com/pks/lookup?op=get\u0026search=0xf77f1eda57ebb1cc\" | sudo gpg --dearmor | sudo tee /usr/share/keyrings/net.launchpad.ppa.rabbitmq.erlang.gpg \u003e /dev/null\n\ncurl -1sLf \"https://packagecloud.io/rabbitmq/rabbitmq-server/gpgkey\" | sudo gpg --dearmor | sudo tee /usr/share/keyrings/io.packagecloud.rabbitmq.gpg \u003e /dev/null\n\n\ndistribution_name=\"jammy\"\n\n# Specify the file path\nfile_path=\"/etc/apt/sources.list.d/rabbitmq.list\"\n\n# Content to be copied into the file\ncontent=\"# Source repository definition example.\n\n## Provides modern Erlang/OTP releases\n##\n## \\\"$distribution_name\\\" as distribution name should work for any reasonably recent Ubuntu or Debian release.\n## See the release to distribution mapping table in RabbitMQ doc guides to learn more.\ndeb [signed-by=/usr/share/keyrings/net.launchpad.ppa.rabbitmq.erlang.gpg] http://ppa.launchpad.net/rabbitmq/rabbitmq-erlang/ubuntu $distribution_name main\ndeb-src [signed-by=/usr/share/keyrings/net.launchpad.ppa.rabbitmq.erlang.gpg] http://ppa.launchpad.net/rabbitmq/rabbitmq-erlang/ubuntu $distribution_name main\n\n## Provides RabbitMQ\n##\n## \\\"$distribution_name\\\" as distribution name should work for any reasonably recent Ubuntu or Debian release.\n## See the release to distribution mapping table in RabbitMQ doc guides to learn more.\ndeb [signed-by=/usr/share/keyrings/io.packagecloud.rabbitmq.gpg] https://packagecloud.io/rabbitmq/rabbitmq-server/ubuntu/ $distribution_name main\ndeb-src [signed-by=/usr/share/keyrings/io.packagecloud.rabbitmq.gpg] https://packagecloud.io/rabbitmq/rabbitmq-server/ubuntu/ $distribution_name main\"\n\n# Open the file with the preferred text editor (vi in this case)\nvi \"$file_path\" \u003c\u003cEOF\n$content\nEOF\n\necho \"Content has been added to $file_path\"\n\nsudo apt-get update -y\n\nsudo apt-get install -y erlang-base erlang-asn1 erlang-crypto erlang-eldap erlang-ftp erlang-inets erlang-mnesia erlang-os-mon erlang-parsetools erlang-public-key erlang-runtime-tools erlang-snmp erlang-ssl erlang-syntax-tools erlang-tftp erlang-tools erlang-xmerl\n\nsudo apt-get install rabbitmq-server -y --fix-missing\n\nsudo systemctl is-enabled rabbitmq-server\n\nsudo systemctl status rabbitmq-server\n\nsudo rabbitmq-plugins enable rabbitmq_management\n\nsudo systemctl restart rabbitmq-server\n\n#open ports\n\nsudo ufw allow OpenSSH\n\nsudo ufw enable\n\nsudo ufw allow 15672/tcp\nsudo ufw allow 5672/tcp\nsudo ufw allow 4369/tcp\nsudo ufw allow 25672/tcp\nsudo ufw allow 15692/tcp\nsudo ufw reload\n\nsudo ufw allow proto tcp from any to any port 5672,15672,15692\n\n\n\n\n# Define the new content\ncookie=\"OJhz25F2ODxAdcaZZ6Hv8ZDUvo3SEBFlpE5x8FCbJP4EIf7xigiSURsR\"\n\n# Specify the file path\nfile_path=\"/var/lib/rabbitmq/.erlang.cookie\"\n\n# Check if the file exists\nif [ -e \"$file_path\" ]; then\n    # Replace the content of the file\n    echo \"$cookie\" \u003e \"$file_path\"\n    echo \"Content of $file_path has been replaced.\"\nelse\n    echo \"Error: File $file_path not found.\"\nfi\n\n\nsudo systemctl restart rabbitmq-server\nsleep 5\nsudo rabbitmqctl stop_app\n\nsleep 5\nsudo rabbitmqctl join_cluster rabbit@node0\nsleep 5\nsudo rabbitmqctl start_app\n\nsleep 5\n\nsudo systemctl restart rabbitmq-server\nsleep 5\nsudo rabbitmqctl stop_app\n\nsleep 5\nsudo rabbitmqctl join_cluster rabbit@node0\nsleep 5\nsudo rabbitmqctl start_app\n\nsudo rabbitmq-plugins enable rabbitmq_prometheus\n\ntouch /prepy\n\nsudo apt install python3-pip -y\n\ntouch /pip\nsudo pip3 install Flask \n\ntouch /flask\n\n# Add failure injector \nsudo ufw allow 5000/tcp\n\ngit clone https://github.com/FuratH/rabbitmq-benchmark-2024.git\n\npython3 rabbitmq-benchmark-2024/Failureinjector/server.py\n\n\ntouch /complete",
            "min_cpu_platform": "",
            "name": "node1",
            "network_interface": [
              {
                "access_config": [
                  {
                    "nat_ip": "34.141.55.235",
                    "network_tier": "PREMIUM",
                    "public_ptr_domain_name": ""
                  }
                ],
                "alias_ip_range": [],
                "internal_ipv6_prefix_length": 0,
                "ipv6_access_config": [],
                "ipv6_access_type": "",
                "ipv6_address": "",
                "name": "nic0",
                "network": "https://www.googleapis.com/compute/v1/projects/csb-2023/global/networks/rabbitmq-network",
                "network_ip": "10.156.0.4",
                "nic_type": "",
                "queue_count": 0,
                "stack_type": "IPV4_ONLY",
                "subnetwork": "https://www.googleapis.com/compute/v1/projects/csb-2023/regions/europe-west3/subnetworks/rabbitmq-network",
                "subnetwork_project": "csb-2023"
              }
            ],
            "network_performance_config": [],
            "params": [],
            "project": "csb-2023",
            "reservation_affinity": [],
            "resource_policies": null,
            "scheduling": [
              {
                "automatic_restart": true,
                "instance_termination_action": "",
                "local_ssd_recovery_timeout": [],
                "min_node_cpus": 0,
                "node_affinities": [],
                "on_host_maintenance": "MIGRATE",
                "preemptible": false,
                "provisioning_model": "STANDARD"
              }
            ],
            "scratch_disk": [],
            "self_link": "https://www.googleapis.com/compute/v1/projects/csb-2023/zones/europe-west3-c/instances/node1",
            "service_account": [],
            "shielded_instance_config": [
              {
                "enable_integrity_monitoring": true,
                "enable_secure_boot": false,
                "enable_vtpm": true
              }
            ],
            "tags": null,
            "tags_fingerprint": "42WmSpB8rSM=",
            "terraform_labels": {},
            "timeouts": null,
            "zone": "europe-west3-c"
          },
          "sensitive_attributes": [],
          "private": "eyJlMmJmYjczMC1lY2FhLTExZTYtOGY4OC0zNDM2M2JjN2M0YzAiOnsiY3JlYXRlIjoxMjAwMDAwMDAwMDAwLCJkZWxldGUiOjEyMDAwMDAwMDAwMDAsInVwZGF0ZSI6MTIwMDAwMDAwMDAwMH0sInNjaGVtYV92ZXJzaW9uIjoiNiJ9",
          "dependencies": [
            "google_compute_network.vpc_network"
          ]
        },
        {
          "index_key": 1,
          "schema_version": 6,
          "attributes": {
            "advanced_machine_features": [],
            "allow_stopping_for_update": null,
            "attached_disk": [],
            "boot_disk": [
              {
                "auto_delete": true,
                "device_name": "persistent-disk-0",
                "disk_encryption_key_raw": "",
                "disk_encryption_key_sha256": "",
                "initialize_params": [
                  {
                    "enable_confidential_compute": false,
                    "image": "https://www.googleapis.com/compute/v1/projects/ubuntu-os-cloud/global/images/ubuntu-2204-jammy-v20231030",
                    "labels": {},
                    "provisioned_iops": 0,
                    "provisioned_throughput": 0,
                    "resource_manager_tags": null,
                    "size": 40,
                    "type": "pd-standard"
                  }
                ],
                "kms_key_self_link": "",
                "mode": "READ_WRITE",
                "source": "https://www.googleapis.com/compute/v1/projects/csb-2023/zones/europe-west3-c/disks/node2"
              }
            ],
            "can_ip_forward": false,
            "confidential_instance_config": [],
            "cpu_platform": "Intel Broadwell",
            "current_status": "RUNNING",
            "deletion_protection": false,
            "description": "",
            "desired_status": null,
            "effective_labels": {},
            "enable_display": false,
            "guest_accelerator": [],
            "hostname": "",
            "id": "projects/csb-2023/zones/europe-west3-c/instances/node2",
            "instance_id": "2399067214548290399",
            "label_fingerprint": "42WmSpB8rSM=",
            "labels": null,
            "machine_type": "e2-standard-2",
            "metadata": null,
            "metadata_fingerprint": "W9K09HIWV24=",
            "metadata_startup_script": "#!/bin/bash\n\nsudo apt update -y -q\n\n#sudo apt install rabbitmq-server -y -q\n\nsudo apt-get update \nsudo apt-get upgrade -y\nsudo apt-get install curl gnupg -y\nsudo apt-get install apt-transport-https -y\n\n# Install rabbitmq\n\ncurl -1sLf \"https://keys.openpgp.org/vks/v1/by-fingerprint/0A9AF2115F4687BD29803A206B73A36E6026DFCA\" | sudo gpg --dearmor | sudo tee /usr/share/keyrings/com.rabbitmq.team.gpg \u003e /dev/null\n\ncurl -1sLf \"https://keyserver.ubuntu.com/pks/lookup?op=get\u0026search=0xf77f1eda57ebb1cc\" | sudo gpg --dearmor | sudo tee /usr/share/keyrings/net.launchpad.ppa.rabbitmq.erlang.gpg \u003e /dev/null\n\ncurl -1sLf \"https://packagecloud.io/rabbitmq/rabbitmq-server/gpgkey\" | sudo gpg --dearmor | sudo tee /usr/share/keyrings/io.packagecloud.rabbitmq.gpg \u003e /dev/null\n\n\ndistribution_name=\"jammy\"\n\n# Specify the file path\nfile_path=\"/etc/apt/sources.list.d/rabbitmq.list\"\n\n# Content to be copied into the file\ncontent=\"# Source repository definition example.\n\n## Provides modern Erlang/OTP releases\n##\n## \\\"$distribution_name\\\" as distribution name should work for any reasonably recent Ubuntu or Debian release.\n## See the release to distribution mapping table in RabbitMQ doc guides to learn more.\ndeb [signed-by=/usr/share/keyrings/net.launchpad.ppa.rabbitmq.erlang.gpg] http://ppa.launchpad.net/rabbitmq/rabbitmq-erlang/ubuntu $distribution_name main\ndeb-src [signed-by=/usr/share/keyrings/net.launchpad.ppa.rabbitmq.erlang.gpg] http://ppa.launchpad.net/rabbitmq/rabbitmq-erlang/ubuntu $distribution_name main\n\n## Provides RabbitMQ\n##\n## \\\"$distribution_name\\\" as distribution name should work for any reasonably recent Ubuntu or Debian release.\n## See the release to distribution mapping table in RabbitMQ doc guides to learn more.\ndeb [signed-by=/usr/share/keyrings/io.packagecloud.rabbitmq.gpg] https://packagecloud.io/rabbitmq/rabbitmq-server/ubuntu/ $distribution_name main\ndeb-src [signed-by=/usr/share/keyrings/io.packagecloud.rabbitmq.gpg] https://packagecloud.io/rabbitmq/rabbitmq-server/ubuntu/ $distribution_name main\"\n\n# Open the file with the preferred text editor (vi in this case)\nvi \"$file_path\" \u003c\u003cEOF\n$content\nEOF\n\necho \"Content has been added to $file_path\"\n\nsudo apt-get update -y\n\nsudo apt-get install -y erlang-base erlang-asn1 erlang-crypto erlang-eldap erlang-ftp erlang-inets erlang-mnesia erlang-os-mon erlang-parsetools erlang-public-key erlang-runtime-tools erlang-snmp erlang-ssl erlang-syntax-tools erlang-tftp erlang-tools erlang-xmerl\n\nsudo apt-get install rabbitmq-server -y --fix-missing\n\nsudo systemctl is-enabled rabbitmq-server\n\nsudo systemctl status rabbitmq-server\n\nsudo rabbitmq-plugins enable rabbitmq_management\n\nsudo systemctl restart rabbitmq-server\n\n#open ports\n\nsudo ufw allow OpenSSH\n\nsudo ufw enable\n\nsudo ufw allow 15672/tcp\nsudo ufw allow 5672/tcp\nsudo ufw allow 4369/tcp\nsudo ufw allow 25672/tcp\nsudo ufw allow 15692/tcp\nsudo ufw reload\n\nsudo ufw allow proto tcp from any to any port 5672,15672,15692\n\n\n\n\n# Define the new content\ncookie=\"OJhz25F2ODxAdcaZZ6Hv8ZDUvo3SEBFlpE5x8FCbJP4EIf7xigiSURsR\"\n\n# Specify the file path\nfile_path=\"/var/lib/rabbitmq/.erlang.cookie\"\n\n# Check if the file exists\nif [ -e \"$file_path\" ]; then\n    # Replace the content of the file\n    echo \"$cookie\" \u003e \"$file_path\"\n    echo \"Content of $file_path has been replaced.\"\nelse\n    echo \"Error: File $file_path not found.\"\nfi\n\n\nsudo systemctl restart rabbitmq-server\nsleep 5\nsudo rabbitmqctl stop_app\n\nsleep 5\nsudo rabbitmqctl join_cluster rabbit@node0\nsleep 5\nsudo rabbitmqctl start_app\n\nsleep 5\n\nsudo systemctl restart rabbitmq-server\nsleep 5\nsudo rabbitmqctl stop_app\n\nsleep 5\nsudo rabbitmqctl join_cluster rabbit@node0\nsleep 5\nsudo rabbitmqctl start_app\n\nsudo rabbitmq-plugins enable rabbitmq_prometheus\n\ntouch /prepy\n\nsudo apt install python3-pip -y\n\ntouch /pip\nsudo pip3 install Flask \n\ntouch /flask\n\n# Add failure injector \nsudo ufw allow 5000/tcp\n\ngit clone https://github.com/FuratH/rabbitmq-benchmark-2024.git\n\npython3 rabbitmq-benchmark-2024/Failureinjector/server.py\n\n\ntouch /complete",
            "min_cpu_platform": "",
            "name": "node2",
            "network_interface": [
              {
                "access_config": [
                  {
                    "nat_ip": "35.242.221.35",
                    "network_tier": "PREMIUM",
                    "public_ptr_domain_name": ""
                  }
                ],
                "alias_ip_range": [],
                "internal_ipv6_prefix_length": 0,
                "ipv6_access_config": [],
                "ipv6_access_type": "",
                "ipv6_address": "",
                "name": "nic0",
                "network": "https://www.googleapis.com/compute/v1/projects/csb-2023/global/networks/rabbitmq-network",
                "network_ip": "10.156.0.6",
                "nic_type": "",
                "queue_count": 0,
                "stack_type": "IPV4_ONLY",
                "subnetwork": "https://www.googleapis.com/compute/v1/projects/csb-2023/regions/europe-west3/subnetworks/rabbitmq-network",
                "subnetwork_project": "csb-2023"
              }
            ],
            "network_performance_config": [],
            "params": [],
            "project": "csb-2023",
            "reservation_affinity": [],
            "resource_policies": null,
            "scheduling": [
              {
                "automatic_restart": true,
                "instance_termination_action": "",
                "local_ssd_recovery_timeout": [],
                "min_node_cpus": 0,
                "node_affinities": [],
                "on_host_maintenance": "MIGRATE",
                "preemptible": false,
                "provisioning_model": "STANDARD"
              }
            ],
            "scratch_disk": [],
            "self_link": "https://www.googleapis.com/compute/v1/projects/csb-2023/zones/europe-west3-c/instances/node2",
            "service_account": [],
            "shielded_instance_config": [
              {
                "enable_integrity_monitoring": true,
                "enable_secure_boot": false,
                "enable_vtpm": true
              }
            ],
            "tags": null,
            "tags_fingerprint": "42WmSpB8rSM=",
            "terraform_labels": {},
            "timeouts": null,
            "zone": "europe-west3-c"
          },
          "sensitive_attributes": [],
          "private": "eyJlMmJmYjczMC1lY2FhLTExZTYtOGY4OC0zNDM2M2JjN2M0YzAiOnsiY3JlYXRlIjoxMjAwMDAwMDAwMDAwLCJkZWxldGUiOjEyMDAwMDAwMDAwMDAsInVwZGF0ZSI6MTIwMDAwMDAwMDAwMH0sInNjaGVtYV92ZXJzaW9uIjoiNiJ9",
          "dependencies": [
            "google_compute_network.vpc_network"
          ]
        }
      ]
    },
    {
      "mode": "managed",
      "type": "google_compute_instance",
      "name": "node0",
      "provider": "provider[\"registry.terraform.io/hashicorp/google\"]",
      "instances": [
        {
          "schema_version": 6,
          "attributes": {
            "advanced_machine_features": [],
            "allow_stopping_for_update": null,
            "attached_disk": [],
            "boot_disk": [
              {
                "auto_delete": true,
                "device_name": "persistent-disk-0",
                "disk_encryption_key_raw": "",
                "disk_encryption_key_sha256": "",
                "initialize_params": [
                  {
                    "enable_confidential_compute": false,
                    "image": "https://www.googleapis.com/compute/v1/projects/ubuntu-os-cloud/global/images/ubuntu-2204-jammy-v20231030",
                    "labels": {},
                    "provisioned_iops": 0,
                    "provisioned_throughput": 0,
                    "resource_manager_tags": null,
                    "size": 40,
                    "type": "pd-standard"
                  }
                ],
                "kms_key_self_link": "",
                "mode": "READ_WRITE",
                "source": "https://www.googleapis.com/compute/v1/projects/csb-2023/zones/europe-west3-c/disks/node0"
              }
            ],
            "can_ip_forward": false,
            "confidential_instance_config": [],
            "cpu_platform": "AMD Rome",
            "current_status": "RUNNING",
            "deletion_protection": false,
            "description": "",
            "desired_status": null,
            "effective_labels": {},
            "enable_display": false,
            "guest_accelerator": [],
            "hostname": "",
            "id": "projects/csb-2023/zones/europe-west3-c/instances/node0",
            "instance_id": "3402383639457024832",
            "label_fingerprint": "42WmSpB8rSM=",
            "labels": null,
            "machine_type": "e2-standard-2",
            "metadata": null,
            "metadata_fingerprint": "_R5Gtw4pVIk=",
            "metadata_startup_script": "#!/bin/bash\n\nsudo apt update -y -q\n\n\nsudo apt-get update -q\nsudo apt-get upgrade -y -q\nsudo apt-get install curl gnupg -y -q\nsudo apt-get install apt-transport-https -y -q\n\n# Install Rabbitmq\ncurl -1sLf \"https://keys.openpgp.org/vks/v1/by-fingerprint/0A9AF2115F4687BD29803A206B73A36E6026DFCA\" | sudo gpg --dearmor | sudo tee /usr/share/keyrings/com.rabbitmq.team.gpg \u003e /dev/null\n\ncurl -1sLf \"https://keyserver.ubuntu.com/pks/lookup?op=get\u0026search=0xf77f1eda57ebb1cc\" | sudo gpg --dearmor | sudo tee /usr/share/keyrings/net.launchpad.ppa.rabbitmq.erlang.gpg \u003e /dev/null\n\ncurl -1sLf \"https://packagecloud.io/rabbitmq/rabbitmq-server/gpgkey\" | sudo gpg --dearmor | sudo tee /usr/share/keyrings/io.packagecloud.rabbitmq.gpg \u003e /dev/null\n\n# Specify the distribution name \ndistribution_name=\"jammy\"\n\n# Specify the file path\nfile_path=\"/etc/apt/sources.list.d/rabbitmq.list\"\n\n# Content to be copied into the file\ncontent=\"# Source repository definition example.\n\n## Provides modern Erlang/OTP releases\n##\n## \\\"$distribution_name\\\" as distribution name should work for any reasonably recent Ubuntu or Debian release.\n## See the release to distribution mapping table in RabbitMQ doc guides to learn more.\ndeb [signed-by=/usr/share/keyrings/net.launchpad.ppa.rabbitmq.erlang.gpg] http://ppa.launchpad.net/rabbitmq/rabbitmq-erlang/ubuntu $distribution_name main\ndeb-src [signed-by=/usr/share/keyrings/net.launchpad.ppa.rabbitmq.erlang.gpg] http://ppa.launchpad.net/rabbitmq/rabbitmq-erlang/ubuntu $distribution_name main\n\n## Provides RabbitMQ\n##\n## \\\"$distribution_name\\\" as distribution name should work for any reasonably recent Ubuntu or Debian release.\n## See the release to distribution mapping table in RabbitMQ doc guides to learn more.\ndeb [signed-by=/usr/share/keyrings/io.packagecloud.rabbitmq.gpg] https://packagecloud.io/rabbitmq/rabbitmq-server/ubuntu/ $distribution_name main\ndeb-src [signed-by=/usr/share/keyrings/io.packagecloud.rabbitmq.gpg] https://packagecloud.io/rabbitmq/rabbitmq-server/ubuntu/ $distribution_name main\"\n\n\nvi \"$file_path\" \u003c\u003cEOF\n$content\nEOF\n\necho \"Content has been added to $file_path\"\n\n\n\nsudo apt-get install -y erlang-base erlang-asn1 erlang-crypto erlang-eldap erlang-ftp erlang-inets erlang-mnesia erlang-os-mon erlang-parsetools erlang-public-key erlang-runtime-tools erlang-snmp erlang-ssl erlang-syntax-tools erlang-tftp erlang-tools erlang-xmerl -q\n\nsudo apt-get install rabbitmq-server -y --fix-missing -q\n\n# Start rabbitmq\n\nsudo systemctl is-enabled rabbitmq-server\n\nsudo systemctl status rabbitmq-server\n\nsudo rabbitmq-plugins enable rabbitmq_management\n\nsudo systemctl restart rabbitmq-server\n\n# open ports\n\nsudo ufw allow OpenSSH\n\nsudo ufw enable\n\nsudo ufw allow 15672/tcp\nsudo ufw allow 5672/tcp\nsudo ufw allow 4369/tcp\nsudo ufw allow 25672/tcp\nsudo ufw allow 15692/tcp\nsudo ufw allow 3000/tcp\nsudo ufw allow 9090/tcp\nsudo ufw reload\n\nsudo ufw allow proto tcp from any to any port 5672,15672,15692, 9090\n\n\n# Replace erlang cookie to connect all node with the masternode\n\n# Define the new content\ncookie=\"OJhz25F2ODxAdcaZZ6Hv8ZDUvo3SEBFlpE5x8FCbJP4EIf7xigiSURsR\"\n\n# Specify the file path\nfile_path=\"/var/lib/rabbitmq/.erlang.cookie\"\n\n# Check if the file exists\nif [ -e \"$file_path\" ]; then\n    # Replace the content of the file\n    echo \"$cookie\" | sudo tee \"$file_path\" \u003e /dev/null\n    echo \"Content of $file_path has been replaced.\"\nelse\n    echo \"Error: File $file_path not found.\"\nfi\n\ntouch /doneCookieSend\n\n# Restart rabbitmq \n\nsudo systemctl restart rabbitmq-server\n\nsudo rabbitmqctl cluster_status\n\n# Create user \"rabbitmq\" with password \"password\"\nsudo rabbitmqctl add_user rabbitmq password\n\nsudo rabbitmqctl set_user_tags rabbitmq administrator\n\nsudo rabbitmqctl set_permissions -p / rabbitmq \".*\" \".*\" \".*\"\n\nsudo rabbitmqctl delete_user guest\n\nsudo rabbitmqctl list_users\n\nsudo rabbitmqctl set_policy ha-all \".*\" '{\"ha-mode\":\"all\", \"queue-mode\": \"lazy\", \"ha-promote-on-shutdown\": \"always\", \"ha-promote-on-failure\": \"always\" }'\n\nsudo rabbitmq-plugins enable rabbitmq_prometheus\n\n\n\n\nsudo apt-get remove needrestart\n\nsudo apt install python3-pip -y\n\ntouch /pip\nsudo pip3 install Flask \n\ntouch /flask\n\n# Add failure injector \nsudo ufw allow 5000/tcp\n\ngit clone https://github.com/FuratH/rabbitmq-benchmark-2024.git\n\npython3 rabbitmq-benchmark-2024/Failureinjector/server.py\n\n\ntouch /complete",
            "min_cpu_platform": "",
            "name": "node0",
            "network_interface": [
              {
                "access_config": [
                  {
                    "nat_ip": "34.159.113.131",
                    "network_tier": "PREMIUM",
                    "public_ptr_domain_name": ""
                  }
                ],
                "alias_ip_range": [],
                "internal_ipv6_prefix_length": 0,
                "ipv6_access_config": [],
                "ipv6_access_type": "",
                "ipv6_address": "",
                "name": "nic0",
                "network": "https://www.googleapis.com/compute/v1/projects/csb-2023/global/networks/rabbitmq-network",
                "network_ip": "10.156.0.3",
                "nic_type": "",
                "queue_count": 0,
                "stack_type": "IPV4_ONLY",
                "subnetwork": "https://www.googleapis.com/compute/v1/projects/csb-2023/regions/europe-west3/subnetworks/rabbitmq-network",
                "subnetwork_project": "csb-2023"
              }
            ],
            "network_performance_config": [],
            "params": [],
            "project": "csb-2023",
            "reservation_affinity": [],
            "resource_policies": null,
            "scheduling": [
              {
                "automatic_restart": true,
                "instance_termination_action": "",
                "local_ssd_recovery_timeout": [],
                "min_node_cpus": 0,
                "node_affinities": [],
                "on_host_maintenance": "MIGRATE",
                "preemptible": false,
                "provisioning_model": "STANDARD"
              }
            ],
            "scratch_disk": [],
            "self_link": "https://www.googleapis.com/compute/v1/projects/csb-2023/zones/europe-west3-c/instances/node0",
            "service_account": [],
            "shielded_instance_config": [
              {
                "enable_integrity_monitoring": true,
                "enable_secure_boot": false,
                "enable_vtpm": true
              }
            ],
            "tags": null,
            "tags_fingerprint": "42WmSpB8rSM=",
            "terraform_labels": {},
            "timeouts": null,
            "zone": "europe-west3-c"
          },
          "sensitive_attributes": [],
          "private": "eyJlMmJmYjczMC1lY2FhLTExZTYtOGY4OC0zNDM2M2JjN2M0YzAiOnsiY3JlYXRlIjoxMjAwMDAwMDAwMDAwLCJkZWxldGUiOjEyMDAwMDAwMDAwMDAsInVwZGF0ZSI6MTIwMDAwMDAwMDAwMH0sInNjaGVtYV92ZXJzaW9uIjoiNiJ9",
          "dependencies": [
            "google_compute_network.vpc_network"
          ]
        }
      ]
    },
    {
      "mode": "managed",
      "type": "google_compute_network",
      "name": "vpc_network",
      "provider": "provider[\"registry.terraform.io/hashicorp/google\"]",
      "instances": [
        {
          "schema_version": 0,
          "attributes": {
            "auto_create_subnetworks": true,
            "delete_default_routes_on_create": false,
            "description": "",
            "enable_ula_internal_ipv6": false,
            "gateway_ipv4": "",
            "id": "projects/csb-2023/global/networks/rabbitmq-network",
            "internal_ipv6_range": "",
            "mtu": 0,
            "name": "rabbitmq-network",
            "network_firewall_policy_enforcement_order": "AFTER_CLASSIC_FIREWALL",
            "numeric_id": "4598129601547324310",
            "project": "csb-2023",
            "routing_mode": "REGIONAL",
            "self_link": "https://www.googleapis.com/compute/v1/projects/csb-2023/global/networks/rabbitmq-network",
            "timeouts": null
          },
          "sensitive_attributes": [],
          "private": "eyJlMmJmYjczMC1lY2FhLTExZTYtOGY4OC0zNDM2M2JjN2M0YzAiOnsiY3JlYXRlIjoxMjAwMDAwMDAwMDAwLCJkZWxldGUiOjEyMDAwMDAwMDAwMDAsInVwZGF0ZSI6MTIwMDAwMDAwMDAwMH19"
        }
      ]
    }
  ],
  "check_results": null
}
